
Microsoft Visual Studio Solution File, Format Version 12.00
# Visual Studio Version 17
VisualStudioVersion = 17.2.32602.215
MinimumVisualStudioVersion = 10.0.40219.1
Project("{FAE04EC0-301F-11D3-BF4B-00C04F79EFBC}") = "cours1", "cours1\cours1.csproj", "{628B228E-7F91-45ED-A6AA-0EE7796DEFF0}"
EndProject
Global
	GlobalSection(SolutionConfigurationPlatforms) = preSolution
		Debug|Any CPU = Debug|Any CPU
		Release|Any CPU = Release|Any CPU
	EndGlobalSection
	GlobalSection(ProjectConfigurationPlatforms) = postSolution
		{628B228E-7F91-45ED-A6AA-0EE7796DEFF0}.Debug|Any CPU.ActiveCfg = Debug|Any CPU
		{628B228E-7F91-45ED-A6AA-0EE7796DEFF0}.Debug|Any CPU.Build.0 = Debug|Any CPU
		{628B228E-7F91-45ED-A6AA-0EE7796DEFF0}.Release|Any CPU.ActiveCfg = Release|Any CPU
		{628B228E-7F91-45ED-A6AA-0EE7796DEFF0}.Release|Any CPU.Build.0 = Release|Any CPU
	EndGlobalSection
	GlobalSection(SolutionProperties) = preSolution
		HideSolutionNode = FALSE
	EndGlobalSection
	GlobalSection(ExtensibilityGlobals) = postSolution
		SolutionGuid = {CE38C80F-B5CB-4BBE-B1B7-1569BE12BF73}
	EndGlobalSection
EndGlobal
