
Microsoft Visual Studio Solution File, Format Version 12.00
# Visual Studio Version 17
VisualStudioVersion = 17.2.32602.215
MinimumVisualStudioVersion = 10.0.40219.1
Project("{9A19103F-16F7-4668-BE54-9A1E7A4F7556}") = "AbstractFactory", "AbstractFactory\AbstractFactory.csproj", "{AAF2196C-23C9-459D-A8BE-A0E9052C1C4B}"
EndProject
Project("{9A19103F-16F7-4668-BE54-9A1E7A4F7556}") = "PatternBuilder", "PatternBuilder\PatternBuilder.csproj", "{C4B2AAB6-051E-4755-A7B8-9500DAE6A109}"
EndProject
Project("{2150E333-8FDC-42A3-9474-1A3956D46DE8}") = "Éléments de solution", "Éléments de solution", "{9E67A934-FAF2-4355-9A71-6DC53FAC39D2}"
	ProjectSection(SolutionItems) = preProject
		..\..\README.md = ..\..\README.md
	EndProjectSection
EndProject
Project("{9A19103F-16F7-4668-BE54-9A1E7A4F7556}") = "Singleton", "Singleton\Singleton.csproj", "{28EEF0CA-3714-4054-B3E2-4D1889036C66}"
EndProject
Project("{9A19103F-16F7-4668-BE54-9A1E7A4F7556}") = "Prototype", "Prototype\Prototype.csproj", "{EC78365E-5950-49AE-91D8-0D44F6265637}"
EndProject
Project("{9A19103F-16F7-4668-BE54-9A1E7A4F7556}") = "Adapter", "Adapter\Adapter.csproj", "{292A0E10-D364-404D-ACFF-8F59BD21D277}"
EndProject
Project("{FAE04EC0-301F-11D3-BF4B-00C04F79EFBC}") = "Bridge", "Bridge\Bridge.csproj", "{240E8AB3-316C-42CD-9515-7D3409A0FA73}"
EndProject
Project("{FAE04EC0-301F-11D3-BF4B-00C04F79EFBC}") = "Composite", "Composite\Composite.csproj", "{3B70FD2E-D451-435D-BF76-AC5734930D7F}"
EndProject
Project("{FAE04EC0-301F-11D3-BF4B-00C04F79EFBC}") = "Decorator", "Decorator\Decorator.csproj", "{7F50FBBE-1CE0-4BD9-8DC8-8942403C9F06}"
EndProject
Project("{FAE04EC0-301F-11D3-BF4B-00C04F79EFBC}") = "ChainOfResponsability", "ChainOfResponsability\ChainOfResponsability.csproj", "{3B694780-4A27-49FD-BDAF-C1D1DEA231CF}"
EndProject
Project("{FAE04EC0-301F-11D3-BF4B-00C04F79EFBC}") = "Command", "Command\Command.csproj", "{0A62C8DF-D2FA-408C-8057-58B61C542805}"
EndProject
Project("{FAE04EC0-301F-11D3-BF4B-00C04F79EFBC}") = "Iterator", "Iterator\Iterator.csproj", "{E5F83E4C-27A5-493E-8018-73009482DE70}"
EndProject
Global
	GlobalSection(SolutionConfigurationPlatforms) = preSolution
		Debug|Any CPU = Debug|Any CPU
		Release|Any CPU = Release|Any CPU
	EndGlobalSection
	GlobalSection(ProjectConfigurationPlatforms) = postSolution
		{AAF2196C-23C9-459D-A8BE-A0E9052C1C4B}.Debug|Any CPU.ActiveCfg = Debug|Any CPU
		{AAF2196C-23C9-459D-A8BE-A0E9052C1C4B}.Debug|Any CPU.Build.0 = Debug|Any CPU
		{AAF2196C-23C9-459D-A8BE-A0E9052C1C4B}.Release|Any CPU.ActiveCfg = Release|Any CPU
		{AAF2196C-23C9-459D-A8BE-A0E9052C1C4B}.Release|Any CPU.Build.0 = Release|Any CPU
		{C4B2AAB6-051E-4755-A7B8-9500DAE6A109}.Debug|Any CPU.ActiveCfg = Debug|Any CPU
		{C4B2AAB6-051E-4755-A7B8-9500DAE6A109}.Debug|Any CPU.Build.0 = Debug|Any CPU
		{C4B2AAB6-051E-4755-A7B8-9500DAE6A109}.Release|Any CPU.ActiveCfg = Release|Any CPU
		{C4B2AAB6-051E-4755-A7B8-9500DAE6A109}.Release|Any CPU.Build.0 = Release|Any CPU
		{28EEF0CA-3714-4054-B3E2-4D1889036C66}.Debug|Any CPU.ActiveCfg = Debug|Any CPU
		{28EEF0CA-3714-4054-B3E2-4D1889036C66}.Debug|Any CPU.Build.0 = Debug|Any CPU
		{28EEF0CA-3714-4054-B3E2-4D1889036C66}.Release|Any CPU.ActiveCfg = Release|Any CPU
		{28EEF0CA-3714-4054-B3E2-4D1889036C66}.Release|Any CPU.Build.0 = Release|Any CPU
		{EC78365E-5950-49AE-91D8-0D44F6265637}.Debug|Any CPU.ActiveCfg = Debug|Any CPU
		{EC78365E-5950-49AE-91D8-0D44F6265637}.Debug|Any CPU.Build.0 = Debug|Any CPU
		{EC78365E-5950-49AE-91D8-0D44F6265637}.Release|Any CPU.ActiveCfg = Release|Any CPU
		{EC78365E-5950-49AE-91D8-0D44F6265637}.Release|Any CPU.Build.0 = Release|Any CPU
		{292A0E10-D364-404D-ACFF-8F59BD21D277}.Debug|Any CPU.ActiveCfg = Debug|Any CPU
		{292A0E10-D364-404D-ACFF-8F59BD21D277}.Debug|Any CPU.Build.0 = Debug|Any CPU
		{292A0E10-D364-404D-ACFF-8F59BD21D277}.Release|Any CPU.ActiveCfg = Release|Any CPU
		{292A0E10-D364-404D-ACFF-8F59BD21D277}.Release|Any CPU.Build.0 = Release|Any CPU
		{240E8AB3-316C-42CD-9515-7D3409A0FA73}.Debug|Any CPU.ActiveCfg = Debug|Any CPU
		{240E8AB3-316C-42CD-9515-7D3409A0FA73}.Debug|Any CPU.Build.0 = Debug|Any CPU
		{240E8AB3-316C-42CD-9515-7D3409A0FA73}.Release|Any CPU.ActiveCfg = Release|Any CPU
		{240E8AB3-316C-42CD-9515-7D3409A0FA73}.Release|Any CPU.Build.0 = Release|Any CPU
		{3B70FD2E-D451-435D-BF76-AC5734930D7F}.Debug|Any CPU.ActiveCfg = Debug|Any CPU
		{3B70FD2E-D451-435D-BF76-AC5734930D7F}.Debug|Any CPU.Build.0 = Debug|Any CPU
		{3B70FD2E-D451-435D-BF76-AC5734930D7F}.Release|Any CPU.ActiveCfg = Release|Any CPU
		{3B70FD2E-D451-435D-BF76-AC5734930D7F}.Release|Any CPU.Build.0 = Release|Any CPU
		{7F50FBBE-1CE0-4BD9-8DC8-8942403C9F06}.Debug|Any CPU.ActiveCfg = Debug|Any CPU
		{7F50FBBE-1CE0-4BD9-8DC8-8942403C9F06}.Debug|Any CPU.Build.0 = Debug|Any CPU
		{7F50FBBE-1CE0-4BD9-8DC8-8942403C9F06}.Release|Any CPU.ActiveCfg = Release|Any CPU
		{7F50FBBE-1CE0-4BD9-8DC8-8942403C9F06}.Release|Any CPU.Build.0 = Release|Any CPU
		{3B694780-4A27-49FD-BDAF-C1D1DEA231CF}.Debug|Any CPU.ActiveCfg = Debug|Any CPU
		{3B694780-4A27-49FD-BDAF-C1D1DEA231CF}.Debug|Any CPU.Build.0 = Debug|Any CPU
		{3B694780-4A27-49FD-BDAF-C1D1DEA231CF}.Release|Any CPU.ActiveCfg = Release|Any CPU
		{3B694780-4A27-49FD-BDAF-C1D1DEA231CF}.Release|Any CPU.Build.0 = Release|Any CPU
		{0A62C8DF-D2FA-408C-8057-58B61C542805}.Debug|Any CPU.ActiveCfg = Debug|Any CPU
		{0A62C8DF-D2FA-408C-8057-58B61C542805}.Debug|Any CPU.Build.0 = Debug|Any CPU
		{0A62C8DF-D2FA-408C-8057-58B61C542805}.Release|Any CPU.ActiveCfg = Release|Any CPU
		{0A62C8DF-D2FA-408C-8057-58B61C542805}.Release|Any CPU.Build.0 = Release|Any CPU
		{E5F83E4C-27A5-493E-8018-73009482DE70}.Debug|Any CPU.ActiveCfg = Debug|Any CPU
		{E5F83E4C-27A5-493E-8018-73009482DE70}.Debug|Any CPU.Build.0 = Debug|Any CPU
		{E5F83E4C-27A5-493E-8018-73009482DE70}.Release|Any CPU.ActiveCfg = Release|Any CPU
		{E5F83E4C-27A5-493E-8018-73009482DE70}.Release|Any CPU.Build.0 = Release|Any CPU
	EndGlobalSection
	GlobalSection(SolutionProperties) = preSolution
		HideSolutionNode = FALSE
	EndGlobalSection
	GlobalSection(ExtensibilityGlobals) = postSolution
		SolutionGuid = {3E3C6107-08A4-4F27-981E-C52458FA84F7}
	EndGlobalSection
EndGlobal
