
Microsoft Visual Studio Solution File, Format Version 12.00
# Visual Studio Version 17
VisualStudioVersion = 17.2.32616.157
MinimumVisualStudioVersion = 10.0.40219.1
Project("{9A19103F-16F7-4668-BE54-9A1E7A4F7556}") = "Singleton", "Singleton\Singleton.csproj", "{199B3BB7-B63D-46D3-BBE6-6E6C662653FB}"
EndProject
Project("{FAE04EC0-301F-11D3-BF4B-00C04F79EFBC}") = "Adapter", "Adapter\Adapter.csproj", "{9F2FF7FF-5ED2-4828-BF8B-51F257E788A7}"
EndProject
Global
	GlobalSection(SolutionConfigurationPlatforms) = preSolution
		Debug|Any CPU = Debug|Any CPU
		Release|Any CPU = Release|Any CPU
	EndGlobalSection
	GlobalSection(ProjectConfigurationPlatforms) = postSolution
		{199B3BB7-B63D-46D3-BBE6-6E6C662653FB}.Debug|Any CPU.ActiveCfg = Debug|Any CPU
		{199B3BB7-B63D-46D3-BBE6-6E6C662653FB}.Debug|Any CPU.Build.0 = Debug|Any CPU
		{199B3BB7-B63D-46D3-BBE6-6E6C662653FB}.Release|Any CPU.ActiveCfg = Release|Any CPU
		{199B3BB7-B63D-46D3-BBE6-6E6C662653FB}.Release|Any CPU.Build.0 = Release|Any CPU
		{9F2FF7FF-5ED2-4828-BF8B-51F257E788A7}.Debug|Any CPU.ActiveCfg = Debug|Any CPU
		{9F2FF7FF-5ED2-4828-BF8B-51F257E788A7}.Debug|Any CPU.Build.0 = Debug|Any CPU
		{9F2FF7FF-5ED2-4828-BF8B-51F257E788A7}.Release|Any CPU.ActiveCfg = Release|Any CPU
		{9F2FF7FF-5ED2-4828-BF8B-51F257E788A7}.Release|Any CPU.Build.0 = Release|Any CPU
	EndGlobalSection
	GlobalSection(SolutionProperties) = preSolution
		HideSolutionNode = FALSE
	EndGlobalSection
	GlobalSection(ExtensibilityGlobals) = postSolution
		SolutionGuid = {BFD896FA-7192-434B-A96E-8753C5EACFF6}
	EndGlobalSection
EndGlobal
