
Microsoft Visual Studio Solution File, Format Version 12.00
# Visual Studio Version 17
VisualStudioVersion = 17.2.32616.157
MinimumVisualStudioVersion = 10.0.40219.1
Project("{9A19103F-16F7-4668-BE54-9A1E7A4F7556}") = "Singleton", "Singleton\Singleton.csproj", "{199B3BB7-B63D-46D3-BBE6-6E6C662653FB}"
EndProject
Project("{9A19103F-16F7-4668-BE54-9A1E7A4F7556}") = "Adapter", "Adapter\Adapter.csproj", "{9F2FF7FF-5ED2-4828-BF8B-51F257E788A7}"
EndProject
Project("{9A19103F-16F7-4668-BE54-9A1E7A4F7556}") = "Bridge", "Bridge\Bridge.csproj", "{C601D3A1-75A1-483F-AD1F-44A7F08354A2}"
EndProject
Project("{9A19103F-16F7-4668-BE54-9A1E7A4F7556}") = "ChainOfResponsibility", "ChainOfResponsability\ChainOfResponsibility.csproj", "{6690D62B-25A8-45B4-B213-8205DE5CFF58}"
EndProject
Project("{FAE04EC0-301F-11D3-BF4B-00C04F79EFBC}") = "Common", "Common\Common.csproj", "{8DD641B2-AF7C-4545-82A9-085E29F0C693}"
EndProject
Project("{FAE04EC0-301F-11D3-BF4B-00C04F79EFBC}") = "AbstractFactory", "AbstractFactory\AbstractFactory.csproj", "{269B30BF-D5D4-487D-BC19-42388014C9B3}"
EndProject
Project("{FAE04EC0-301F-11D3-BF4B-00C04F79EFBC}") = "Decorator", "Decorator\Decorator.csproj", "{AEB9E473-4A6D-4FDF-9A12-C8BF1008FD3E}"
EndProject
Global
	GlobalSection(SolutionConfigurationPlatforms) = preSolution
		Debug|Any CPU = Debug|Any CPU
		Release|Any CPU = Release|Any CPU
	EndGlobalSection
	GlobalSection(ProjectConfigurationPlatforms) = postSolution
		{199B3BB7-B63D-46D3-BBE6-6E6C662653FB}.Debug|Any CPU.ActiveCfg = Debug|Any CPU
		{199B3BB7-B63D-46D3-BBE6-6E6C662653FB}.Debug|Any CPU.Build.0 = Debug|Any CPU
		{199B3BB7-B63D-46D3-BBE6-6E6C662653FB}.Release|Any CPU.ActiveCfg = Release|Any CPU
		{199B3BB7-B63D-46D3-BBE6-6E6C662653FB}.Release|Any CPU.Build.0 = Release|Any CPU
		{9F2FF7FF-5ED2-4828-BF8B-51F257E788A7}.Debug|Any CPU.ActiveCfg = Debug|Any CPU
		{9F2FF7FF-5ED2-4828-BF8B-51F257E788A7}.Debug|Any CPU.Build.0 = Debug|Any CPU
		{9F2FF7FF-5ED2-4828-BF8B-51F257E788A7}.Release|Any CPU.ActiveCfg = Release|Any CPU
		{9F2FF7FF-5ED2-4828-BF8B-51F257E788A7}.Release|Any CPU.Build.0 = Release|Any CPU
		{C601D3A1-75A1-483F-AD1F-44A7F08354A2}.Debug|Any CPU.ActiveCfg = Debug|Any CPU
		{C601D3A1-75A1-483F-AD1F-44A7F08354A2}.Debug|Any CPU.Build.0 = Debug|Any CPU
		{C601D3A1-75A1-483F-AD1F-44A7F08354A2}.Release|Any CPU.ActiveCfg = Release|Any CPU
		{C601D3A1-75A1-483F-AD1F-44A7F08354A2}.Release|Any CPU.Build.0 = Release|Any CPU
		{6690D62B-25A8-45B4-B213-8205DE5CFF58}.Debug|Any CPU.ActiveCfg = Debug|Any CPU
		{6690D62B-25A8-45B4-B213-8205DE5CFF58}.Debug|Any CPU.Build.0 = Debug|Any CPU
		{6690D62B-25A8-45B4-B213-8205DE5CFF58}.Release|Any CPU.ActiveCfg = Release|Any CPU
		{6690D62B-25A8-45B4-B213-8205DE5CFF58}.Release|Any CPU.Build.0 = Release|Any CPU
		{8DD641B2-AF7C-4545-82A9-085E29F0C693}.Debug|Any CPU.ActiveCfg = Debug|Any CPU
		{8DD641B2-AF7C-4545-82A9-085E29F0C693}.Debug|Any CPU.Build.0 = Debug|Any CPU
		{8DD641B2-AF7C-4545-82A9-085E29F0C693}.Release|Any CPU.ActiveCfg = Release|Any CPU
		{8DD641B2-AF7C-4545-82A9-085E29F0C693}.Release|Any CPU.Build.0 = Release|Any CPU
		{269B30BF-D5D4-487D-BC19-42388014C9B3}.Debug|Any CPU.ActiveCfg = Debug|Any CPU
		{269B30BF-D5D4-487D-BC19-42388014C9B3}.Debug|Any CPU.Build.0 = Debug|Any CPU
		{269B30BF-D5D4-487D-BC19-42388014C9B3}.Release|Any CPU.ActiveCfg = Release|Any CPU
		{269B30BF-D5D4-487D-BC19-42388014C9B3}.Release|Any CPU.Build.0 = Release|Any CPU
		{AEB9E473-4A6D-4FDF-9A12-C8BF1008FD3E}.Debug|Any CPU.ActiveCfg = Debug|Any CPU
		{AEB9E473-4A6D-4FDF-9A12-C8BF1008FD3E}.Debug|Any CPU.Build.0 = Debug|Any CPU
		{AEB9E473-4A6D-4FDF-9A12-C8BF1008FD3E}.Release|Any CPU.ActiveCfg = Release|Any CPU
		{AEB9E473-4A6D-4FDF-9A12-C8BF1008FD3E}.Release|Any CPU.Build.0 = Release|Any CPU
	EndGlobalSection
	GlobalSection(SolutionProperties) = preSolution
		HideSolutionNode = FALSE
	EndGlobalSection
	GlobalSection(ExtensibilityGlobals) = postSolution
		SolutionGuid = {BFD896FA-7192-434B-A96E-8753C5EACFF6}
	EndGlobalSection
EndGlobal
